
Microsoft Visual Studio Solution File, Format Version 12.00
# Visual Studio 15
VisualStudioVersion = 15.0.27004.2009
MinimumVisualStudioVersion = 10.0.40219.1
Project("{FAE04EC0-301F-11D3-BF4B-00C04F79EFBC}") = "Task2", "task2\Task2.csproj", "{6811279B-98D4-490D-AD95-4E2A2A8D3D2D}"
EndProject
Project("{FAE04EC0-301F-11D3-BF4B-00C04F79EFBC}") = "BL", "BL\BL.csproj", "{EC5DB94F-A03F-4E41-8971-B31CADFF2CAC}"
EndProject
Global
	GlobalSection(SolutionConfigurationPlatforms) = preSolution
		Debug|Any CPU = Debug|Any CPU
		Release|Any CPU = Release|Any CPU
	EndGlobalSection
	GlobalSection(ProjectConfigurationPlatforms) = postSolution
		{6811279B-98D4-490D-AD95-4E2A2A8D3D2D}.Debug|Any CPU.ActiveCfg = Debug|Any CPU
		{6811279B-98D4-490D-AD95-4E2A2A8D3D2D}.Debug|Any CPU.Build.0 = Debug|Any CPU
		{6811279B-98D4-490D-AD95-4E2A2A8D3D2D}.Release|Any CPU.ActiveCfg = Release|Any CPU
		{6811279B-98D4-490D-AD95-4E2A2A8D3D2D}.Release|Any CPU.Build.0 = Release|Any CPU
		{EC5DB94F-A03F-4E41-8971-B31CADFF2CAC}.Debug|Any CPU.ActiveCfg = Debug|Any CPU
		{EC5DB94F-A03F-4E41-8971-B31CADFF2CAC}.Debug|Any CPU.Build.0 = Debug|Any CPU
		{EC5DB94F-A03F-4E41-8971-B31CADFF2CAC}.Release|Any CPU.ActiveCfg = Release|Any CPU
		{EC5DB94F-A03F-4E41-8971-B31CADFF2CAC}.Release|Any CPU.Build.0 = Release|Any CPU
	EndGlobalSection
	GlobalSection(SolutionProperties) = preSolution
		HideSolutionNode = FALSE
	EndGlobalSection
	GlobalSection(ExtensibilityGlobals) = postSolution
		SolutionGuid = {670EFDE6-CB8D-4312-9D91-996F123BB9D0}
	EndGlobalSection
EndGlobal
